
Microsoft Visual Studio Solution File, Format Version 12.00
# Visual Studio Version 17
VisualStudioVersion = 17.5.002.0
MinimumVisualStudioVersion = 10.0.40219.1
Project("{9A19103F-16F7-4668-BE54-9A1E7A4F7556}") = "api.net", "api.net.csproj", "{BDB7225F-F22B-4996-890D-BBE3DC3B6E40}"
EndProject
Global
	GlobalSection(SolutionConfigurationPlatforms) = preSolution
		Debug|Any CPU = Debug|Any CPU
		Release|Any CPU = Release|Any CPU
	EndGlobalSection
	GlobalSection(ProjectConfigurationPlatforms) = postSolution
		{BDB7225F-F22B-4996-890D-BBE3DC3B6E40}.Debug|Any CPU.ActiveCfg = Debug|Any CPU
		{BDB7225F-F22B-4996-890D-BBE3DC3B6E40}.Debug|Any CPU.Build.0 = Debug|Any CPU
		{BDB7225F-F22B-4996-890D-BBE3DC3B6E40}.Release|Any CPU.ActiveCfg = Release|Any CPU
		{BDB7225F-F22B-4996-890D-BBE3DC3B6E40}.Release|Any CPU.Build.0 = Release|Any CPU
	EndGlobalSection
	GlobalSection(SolutionProperties) = preSolution
		HideSolutionNode = FALSE
	EndGlobalSection
	GlobalSection(ExtensibilityGlobals) = postSolution
		SolutionGuid = {E6671D92-C85C-41AC-BDA0-1E7EC8D03385}
	EndGlobalSection
EndGlobal
